
Microsoft Visual Studio Solution File, Format Version 12.00
# Visual Studio Version 16
VisualStudioVersion = 16.0.30517.126
MinimumVisualStudioVersion = 10.0.40219.1
Project("{FAE04EC0-301F-11D3-BF4B-00C04F79EFBC}") = "EmployesManagement", "EmployesManagement.csproj", "{9515C6C0-1786-4477-BEE1-6DF87A4D18CF}"
EndProject
Global
	GlobalSection(SolutionConfigurationPlatforms) = preSolution
		Debug|Any CPU = Debug|Any CPU
		Release|Any CPU = Release|Any CPU
	EndGlobalSection
	GlobalSection(ProjectConfigurationPlatforms) = postSolution
		{9515C6C0-1786-4477-BEE1-6DF87A4D18CF}.Debug|Any CPU.ActiveCfg = Debug|Any CPU
		{9515C6C0-1786-4477-BEE1-6DF87A4D18CF}.Debug|Any CPU.Build.0 = Debug|Any CPU
		{9515C6C0-1786-4477-BEE1-6DF87A4D18CF}.Release|Any CPU.ActiveCfg = Release|Any CPU
		{9515C6C0-1786-4477-BEE1-6DF87A4D18CF}.Release|Any CPU.Build.0 = Release|Any CPU
	EndGlobalSection
	GlobalSection(SolutionProperties) = preSolution
		HideSolutionNode = FALSE
	EndGlobalSection
	GlobalSection(ExtensibilityGlobals) = postSolution
		SolutionGuid = {660387DF-A87E-4D5D-A50E-B5E2C11C2F28}
	EndGlobalSection
EndGlobal
